// !$*UTF8*$!
{
	archiveVersion = 1;
	classes = {
	};
	objectVersion = 50;
	objects = {

/* Begin PBXBuildFile section */
		9434A039248CD70400D891A8 /* NavigationControllerExt.swift in Sources */ = {isa = PBXBuildFile; fileRef = 9434A038248CD70400D891A8 /* NavigationControllerExt.swift */; };
		9434A040248D072300D891A8 /* NotificationPublisher.swift in Sources */ = {isa = PBXBuildFile; fileRef = 9434A03F248D072200D891A8 /* NotificationPublisher.swift */; };
		94FD6887248B328900B01E02 /* AppDelegate.swift in Sources */ = {isa = PBXBuildFile; fileRef = 94FD6886248B328900B01E02 /* AppDelegate.swift */; };
		94FD6889248B328900B01E02 /* SceneDelegate.swift in Sources */ = {isa = PBXBuildFile; fileRef = 94FD6888248B328900B01E02 /* SceneDelegate.swift */; };
		94FD688B248B328900B01E02 /* CameraVC.swift in Sources */ = {isa = PBXBuildFile; fileRef = 94FD688A248B328900B01E02 /* CameraVC.swift */; };
		94FD688E248B328900B01E02 /* Main.storyboard in Resources */ = {isa = PBXBuildFile; fileRef = 94FD688C248B328900B01E02 /* Main.storyboard */; };
		94FD6890248B328E00B01E02 /* Assets.xcassets in Resources */ = {isa = PBXBuildFile; fileRef = 94FD688F248B328E00B01E02 /* Assets.xcassets */; };
		94FD6893248B328E00B01E02 /* LaunchScreen.storyboard in Resources */ = {isa = PBXBuildFile; fileRef = 94FD6891248B328E00B01E02 /* LaunchScreen.storyboard */; };
		94FD689B248B345400B01E02 /* PreviewVC.swift in Sources */ = {isa = PBXBuildFile; fileRef = 94FD689A248B345400B01E02 /* PreviewVC.swift */; };
		94FD68A4248BFF8200B01E02 /* ShareViewController.swift in Sources */ = {isa = PBXBuildFile; fileRef = 94FD68A3248BFF8200B01E02 /* ShareViewController.swift */; };
		94FD68A7248BFF8200B01E02 /* MainInterface.storyboard in Resources */ = {isa = PBXBuildFile; fileRef = 94FD68A5248BFF8200B01E02 /* MainInterface.storyboard */; };
		94FD68AB248BFF8200B01E02 /* SharePic.appex in Embed App Extensions */ = {isa = PBXBuildFile; fileRef = 94FD68A1248BFF8200B01E02 /* SharePic.appex */; settings = {ATTRIBUTES = (RemoveHeadersOnCopy, ); }; };
/* End PBXBuildFile section */

/* Begin PBXContainerItemProxy section */
		94FD68A9248BFF8200B01E02 /* PBXContainerItemProxy */ = {
			isa = PBXContainerItemProxy;
			containerPortal = 94FD687B248B328900B01E02 /* Project object */;
			proxyType = 1;
			remoteGlobalIDString = 94FD68A0248BFF8200B01E02;
			remoteInfo = SharePic;
		};
/* End PBXContainerItemProxy section */

/* Begin PBXCopyFilesBuildPhase section */
		94FD68AF248BFF8200B01E02 /* Embed App Extensions */ = {
			isa = PBXCopyFilesBuildPhase;
			buildActionMask = 2147483647;
			dstPath = "";
			dstSubfolderSpec = 13;
			files = (
				94FD68AB248BFF8200B01E02 /* SharePic.appex in Embed App Extensions */,
			);
			name = "Embed App Extensions";
			runOnlyForDeploymentPostprocessing = 0;
		};
/* End PBXCopyFilesBuildPhase section */

/* Begin PBXFileReference section */
		9434A038248CD70400D891A8 /* NavigationControllerExt.swift */ = {isa = PBXFileReference; lastKnownFileType = sourcecode.swift; path = NavigationControllerExt.swift; sourceTree = "<group>"; };
		9434A03F248D072200D891A8 /* NotificationPublisher.swift */ = {isa = PBXFileReference; lastKnownFileType = sourcecode.swift; path = NotificationPublisher.swift; sourceTree = "<group>"; };
		94FD6883248B328900B01E02 /* PhotoApp.app */ = {isa = PBXFileReference; explicitFileType = wrapper.application; includeInIndex = 0; path = PhotoApp.app; sourceTree = BUILT_PRODUCTS_DIR; };
		94FD6886248B328900B01E02 /* AppDelegate.swift */ = {isa = PBXFileReference; lastKnownFileType = sourcecode.swift; path = AppDelegate.swift; sourceTree = "<group>"; };
		94FD6888248B328900B01E02 /* SceneDelegate.swift */ = {isa = PBXFileReference; lastKnownFileType = sourcecode.swift; path = SceneDelegate.swift; sourceTree = "<group>"; };
		94FD688A248B328900B01E02 /* CameraVC.swift */ = {isa = PBXFileReference; lastKnownFileType = sourcecode.swift; path = CameraVC.swift; sourceTree = "<group>"; };
		94FD688D248B328900B01E02 /* Base */ = {isa = PBXFileReference; lastKnownFileType = file.storyboard; name = Base; path = Base.lproj/Main.storyboard; sourceTree = "<group>"; };
		94FD688F248B328E00B01E02 /* Assets.xcassets */ = {isa = PBXFileReference; lastKnownFileType = folder.assetcatalog; path = Assets.xcassets; sourceTree = "<group>"; };
		94FD6892248B328E00B01E02 /* Base */ = {isa = PBXFileReference; lastKnownFileType = file.storyboard; name = Base; path = Base.lproj/LaunchScreen.storyboard; sourceTree = "<group>"; };
		94FD6894248B328E00B01E02 /* Info.plist */ = {isa = PBXFileReference; lastKnownFileType = text.plist.xml; path = Info.plist; sourceTree = "<group>"; };
		94FD689A248B345400B01E02 /* PreviewVC.swift */ = {isa = PBXFileReference; lastKnownFileType = sourcecode.swift; path = PreviewVC.swift; sourceTree = "<group>"; };
		94FD689C248BCC1D00B01E02 /* PhotoApp.entitlements */ = {isa = PBXFileReference; lastKnownFileType = text.plist.entitlements; path = PhotoApp.entitlements; sourceTree = "<group>"; };
		94FD68A1248BFF8200B01E02 /* SharePic.appex */ = {isa = PBXFileReference; explicitFileType = "wrapper.app-extension"; includeInIndex = 0; path = SharePic.appex; sourceTree = BUILT_PRODUCTS_DIR; };
		94FD68A3248BFF8200B01E02 /* ShareViewController.swift */ = {isa = PBXFileReference; lastKnownFileType = sourcecode.swift; path = ShareViewController.swift; sourceTree = "<group>"; };
		94FD68A6248BFF8200B01E02 /* Base */ = {isa = PBXFileReference; lastKnownFileType = file.storyboard; name = Base; path = Base.lproj/MainInterface.storyboard; sourceTree = "<group>"; };
		94FD68A8248BFF8200B01E02 /* Info.plist */ = {isa = PBXFileReference; lastKnownFileType = text.plist.xml; path = Info.plist; sourceTree = "<group>"; };
		94FD68B0248BFF9200B01E02 /* SharePic.entitlements */ = {isa = PBXFileReference; lastKnownFileType = text.plist.entitlements; path = SharePic.entitlements; sourceTree = "<group>"; };
/* End PBXFileReference section */

/* Begin PBXFrameworksBuildPhase section */
		94FD6880248B328900B01E02 /* Frameworks */ = {
			isa = PBXFrameworksBuildPhase;
			buildActionMask = 2147483647;
			files = (
			);
			runOnlyForDeploymentPostprocessing = 0;
		};
		94FD689E248BFF8200B01E02 /* Frameworks */ = {
			isa = PBXFrameworksBuildPhase;
			buildActionMask = 2147483647;
			files = (
			);
			runOnlyForDeploymentPostprocessing = 0;
		};
/* End PBXFrameworksBuildPhase section */

/* Begin PBXGroup section */
		9434A037248CD6CD00D891A8 /* Extension */ = {
			isa = PBXGroup;
			children = (
				9434A038248CD70400D891A8 /* NavigationControllerExt.swift */,
			);
			path = Extension;
			sourceTree = "<group>";
		};
		9434A03A248CE0EF00D891A8 /* Entitlements */ = {
			isa = PBXGroup;
			children = (
				94FD689C248BCC1D00B01E02 /* PhotoApp.entitlements */,
			);
			path = Entitlements;
			sourceTree = "<group>";
		};
		9434A03B248CE10800D891A8 /* Controllers */ = {
			isa = PBXGroup;
			children = (
				94FD688A248B328900B01E02 /* CameraVC.swift */,
				94FD689A248B345400B01E02 /* PreviewVC.swift */,
			);
			path = Controllers;
			sourceTree = "<group>";
		};
		9434A03C248CE11D00D891A8 /* Storyboard */ = {
			isa = PBXGroup;
			children = (
				94FD688C248B328900B01E02 /* Main.storyboard */,
				94FD6891248B328E00B01E02 /* LaunchScreen.storyboard */,
			);
			path = Storyboard;
			sourceTree = "<group>";
		};
		9434A03D248CEB7100D891A8 /* Others */ = {
			isa = PBXGroup;
			children = (
				94FD6886248B328900B01E02 /* AppDelegate.swift */,
				94FD6888248B328900B01E02 /* SceneDelegate.swift */,
				94FD688F248B328E00B01E02 /* Assets.xcassets */,
				9434A03F248D072200D891A8 /* NotificationPublisher.swift */,
			);
			path = Others;
			sourceTree = "<group>";
		};
		9434A03E248CEB8800D891A8 /* Plist */ = {
			isa = PBXGroup;
			children = (
				94FD6894248B328E00B01E02 /* Info.plist */,
			);
			path = Plist;
			sourceTree = "<group>";
		};
		94FD687A248B328900B01E02 = {
			isa = PBXGroup;
			children = (
				94FD6885248B328900B01E02 /* PhotoApp */,
				94FD68A2248BFF8200B01E02 /* SharePic */,
				94FD6884248B328900B01E02 /* Products */,
			);
			sourceTree = "<group>";
		};
		94FD6884248B328900B01E02 /* Products */ = {
			isa = PBXGroup;
			children = (
				94FD6883248B328900B01E02 /* PhotoApp.app */,
				94FD68A1248BFF8200B01E02 /* SharePic.appex */,
			);
			name = Products;
			sourceTree = "<group>";
		};
		94FD6885248B328900B01E02 /* PhotoApp */ = {
			isa = PBXGroup;
			children = (
				9434A03E248CEB8800D891A8 /* Plist */,
				9434A03D248CEB7100D891A8 /* Others */,
				9434A03C248CE11D00D891A8 /* Storyboard */,
				9434A03B248CE10800D891A8 /* Controllers */,
				9434A03A248CE0EF00D891A8 /* Entitlements */,
				9434A037248CD6CD00D891A8 /* Extension */,
			);
			path = PhotoApp;
			sourceTree = "<group>";
		};
		94FD68A2248BFF8200B01E02 /* SharePic */ = {
			isa = PBXGroup;
			children = (
				94FD68B0248BFF9200B01E02 /* SharePic.entitlements */,
				94FD68A3248BFF8200B01E02 /* ShareViewController.swift */,
				94FD68A5248BFF8200B01E02 /* MainInterface.storyboard */,
				94FD68A8248BFF8200B01E02 /* Info.plist */,
			);
			path = SharePic;
			sourceTree = "<group>";
		};
/* End PBXGroup section */

/* Begin PBXNativeTarget section */
		94FD6882248B328900B01E02 /* PhotoApp */ = {
			isa = PBXNativeTarget;
			buildConfigurationList = 94FD6897248B328E00B01E02 /* Build configuration list for PBXNativeTarget "PhotoApp" */;
			buildPhases = (
				94FD687F248B328900B01E02 /* Sources */,
				94FD6880248B328900B01E02 /* Frameworks */,
				94FD6881248B328900B01E02 /* Resources */,
				94FD68AF248BFF8200B01E02 /* Embed App Extensions */,
			);
			buildRules = (
			);
			dependencies = (
				94FD68AA248BFF8200B01E02 /* PBXTargetDependency */,
			);
			name = PhotoApp;
			productName = PhotoApp;
			productReference = 94FD6883248B328900B01E02 /* PhotoApp.app */;
			productType = "com.apple.product-type.application";
		};
		94FD68A0248BFF8200B01E02 /* SharePic */ = {
			isa = PBXNativeTarget;
			buildConfigurationList = 94FD68AC248BFF8200B01E02 /* Build configuration list for PBXNativeTarget "SharePic" */;
			buildPhases = (
				94FD689D248BFF8200B01E02 /* Sources */,
				94FD689E248BFF8200B01E02 /* Frameworks */,
				94FD689F248BFF8200B01E02 /* Resources */,
			);
			buildRules = (
			);
			dependencies = (
			);
			name = SharePic;
			productName = SharePic;
			productReference = 94FD68A1248BFF8200B01E02 /* SharePic.appex */;
			productType = "com.apple.product-type.app-extension";
		};
/* End PBXNativeTarget section */

/* Begin PBXProject section */
		94FD687B248B328900B01E02 /* Project object */ = {
			isa = PBXProject;
			attributes = {
				LastSwiftUpdateCheck = 1140;
				LastUpgradeCheck = 1140;
				ORGANIZATIONNAME = Outect;
				TargetAttributes = {
					94FD6882248B328900B01E02 = {
						CreatedOnToolsVersion = 11.4;
					};
					94FD68A0248BFF8200B01E02 = {
						CreatedOnToolsVersion = 11.4;
					};
				};
			};
			buildConfigurationList = 94FD687E248B328900B01E02 /* Build configuration list for PBXProject "PhotoApp" */;
			compatibilityVersion = "Xcode 9.3";
			developmentRegion = en;
			hasScannedForEncodings = 0;
			knownRegions = (
				en,
				Base,
			);
			mainGroup = 94FD687A248B328900B01E02;
			productRefGroup = 94FD6884248B328900B01E02 /* Products */;
			projectDirPath = "";
			projectRoot = "";
			targets = (
				94FD6882248B328900B01E02 /* PhotoApp */,
				94FD68A0248BFF8200B01E02 /* SharePic */,
			);
		};
/* End PBXProject section */

/* Begin PBXResourcesBuildPhase section */
		94FD6881248B328900B01E02 /* Resources */ = {
			isa = PBXResourcesBuildPhase;
			buildActionMask = 2147483647;
			files = (
				94FD6893248B328E00B01E02 /* LaunchScreen.storyboard in Resources */,
				94FD6890248B328E00B01E02 /* Assets.xcassets in Resources */,
				94FD688E248B328900B01E02 /* Main.storyboard in Resources */,
			);
			runOnlyForDeploymentPostprocessing = 0;
		};
		94FD689F248BFF8200B01E02 /* Resources */ = {
			isa = PBXResourcesBuildPhase;
			buildActionMask = 2147483647;
			files = (
				94FD68A7248BFF8200B01E02 /* MainInterface.storyboard in Resources */,
			);
			runOnlyForDeploymentPostprocessing = 0;
		};
/* End PBXResourcesBuildPhase section */

/* Begin PBXSourcesBuildPhase section */
		94FD687F248B328900B01E02 /* Sources */ = {
			isa = PBXSourcesBuildPhase;
			buildActionMask = 2147483647;
			files = (
				94FD688B248B328900B01E02 /* CameraVC.swift in Sources */,
				94FD689B248B345400B01E02 /* PreviewVC.swift in Sources */,
				94FD6887248B328900B01E02 /* AppDelegate.swift in Sources */,
				9434A040248D072300D891A8 /* NotificationPublisher.swift in Sources */,
				94FD6889248B328900B01E02 /* SceneDelegate.swift in Sources */,
				9434A039248CD70400D891A8 /* NavigationControllerExt.swift in Sources */,
			);
			runOnlyForDeploymentPostprocessing = 0;
		};
		94FD689D248BFF8200B01E02 /* Sources */ = {
			isa = PBXSourcesBuildPhase;
			buildActionMask = 2147483647;
			files = (
				94FD68A4248BFF8200B01E02 /* ShareViewController.swift in Sources */,
			);
			runOnlyForDeploymentPostprocessing = 0;
		};
/* End PBXSourcesBuildPhase section */

/* Begin PBXTargetDependency section */
		94FD68AA248BFF8200B01E02 /* PBXTargetDependency */ = {
			isa = PBXTargetDependency;
			target = 94FD68A0248BFF8200B01E02 /* SharePic */;
			targetProxy = 94FD68A9248BFF8200B01E02 /* PBXContainerItemProxy */;
		};
/* End PBXTargetDependency section */

/* Begin PBXVariantGroup section */
		94FD688C248B328900B01E02 /* Main.storyboard */ = {
			isa = PBXVariantGroup;
			children = (
				94FD688D248B328900B01E02 /* Base */,
			);
			name = Main.storyboard;
			sourceTree = "<group>";
		};
		94FD6891248B328E00B01E02 /* LaunchScreen.storyboard */ = {
			isa = PBXVariantGroup;
			children = (
				94FD6892248B328E00B01E02 /* Base */,
			);
			name = LaunchScreen.storyboard;
			sourceTree = "<group>";
		};
		94FD68A5248BFF8200B01E02 /* MainInterface.storyboard */ = {
			isa = PBXVariantGroup;
			children = (
				94FD68A6248BFF8200B01E02 /* Base */,
			);
			name = MainInterface.storyboard;
			sourceTree = "<group>";
		};
/* End PBXVariantGroup section */

/* Begin XCBuildConfiguration section */
		94FD6895248B328E00B01E02 /* Debug */ = {
			isa = XCBuildConfiguration;
			buildSettings = {
				ALWAYS_SEARCH_USER_PATHS = NO;
				CLANG_ANALYZER_NONNULL = YES;
				CLANG_ANALYZER_NUMBER_OBJECT_CONVERSION = YES_AGGRESSIVE;
				CLANG_CXX_LANGUAGE_STANDARD = "gnu++14";
				CLANG_CXX_LIBRARY = "libc++";
				CLANG_ENABLE_MODULES = YES;
				CLANG_ENABLE_OBJC_ARC = YES;
				CLANG_ENABLE_OBJC_WEAK = YES;
				CLANG_WARN_BLOCK_CAPTURE_AUTORELEASING = YES;
				CLANG_WARN_BOOL_CONVERSION = YES;
				CLANG_WARN_COMMA = YES;
				CLANG_WARN_CONSTANT_CONVERSION = YES;
				CLANG_WARN_DEPRECATED_OBJC_IMPLEMENTATIONS = YES;
				CLANG_WARN_DIRECT_OBJC_ISA_USAGE = YES_ERROR;
				CLANG_WARN_DOCUMENTATION_COMMENTS = YES;
				CLANG_WARN_EMPTY_BODY = YES;
				CLANG_WARN_ENUM_CONVERSION = YES;
				CLANG_WARN_INFINITE_RECURSION = YES;
				CLANG_WARN_INT_CONVERSION = YES;
				CLANG_WARN_NON_LITERAL_NULL_CONVERSION = YES;
				CLANG_WARN_OBJC_IMPLICIT_RETAIN_SELF = YES;
				CLANG_WARN_OBJC_LITERAL_CONVERSION = YES;
				CLANG_WARN_OBJC_ROOT_CLASS = YES_ERROR;
				CLANG_WARN_RANGE_LOOP_ANALYSIS = YES;
				CLANG_WARN_STRICT_PROTOTYPES = YES;
				CLANG_WARN_SUSPICIOUS_MOVE = YES;
				CLANG_WARN_UNGUARDED_AVAILABILITY = YES_AGGRESSIVE;
				CLANG_WARN_UNREACHABLE_CODE = YES;
				CLANG_WARN__DUPLICATE_METHOD_MATCH = YES;
				COPY_PHASE_STRIP = NO;
				DEBUG_INFORMATION_FORMAT = dwarf;
				ENABLE_STRICT_OBJC_MSGSEND = YES;
				ENABLE_TESTABILITY = YES;
				GCC_C_LANGUAGE_STANDARD = gnu11;
				GCC_DYNAMIC_NO_PIC = NO;
				GCC_NO_COMMON_BLOCKS = YES;
				GCC_OPTIMIZATION_LEVEL = 0;
				GCC_PREPROCESSOR_DEFINITIONS = (
					"DEBUG=1",
					"$(inherited)",
				);
				GCC_WARN_64_TO_32_BIT_CONVERSION = YES;
				GCC_WARN_ABOUT_RETURN_TYPE = YES_ERROR;
				GCC_WARN_UNDECLARED_SELECTOR = YES;
				GCC_WARN_UNINITIALIZED_AUTOS = YES_AGGRESSIVE;
				GCC_WARN_UNUSED_FUNCTION = YES;
				GCC_WARN_UNUSED_VARIABLE = YES;
				IPHONEOS_DEPLOYMENT_TARGET = 13.4;
				MTL_ENABLE_DEBUG_INFO = INCLUDE_SOURCE;
				MTL_FAST_MATH = YES;
				ONLY_ACTIVE_ARCH = YES;
				SDKROOT = iphoneos;
				SWIFT_ACTIVE_COMPILATION_CONDITIONS = DEBUG;
				SWIFT_OPTIMIZATION_LEVEL = "-Onone";
			};
			name = Debug;
		};
		94FD6896248B328E00B01E02 /* Release */ = {
			isa = XCBuildConfiguration;
			buildSettings = {
				ALWAYS_SEARCH_USER_PATHS = NO;
				CLANG_ANALYZER_NONNULL = YES;
				CLANG_ANALYZER_NUMBER_OBJECT_CONVERSION = YES_AGGRESSIVE;
				CLANG_CXX_LANGUAGE_STANDARD = "gnu++14";
				CLANG_CXX_LIBRARY = "libc++";
				CLANG_ENABLE_MODULES = YES;
				CLANG_ENABLE_OBJC_ARC = YES;
				CLANG_ENABLE_OBJC_WEAK = YES;
				CLANG_WARN_BLOCK_CAPTURE_AUTORELEASING = YES;
				CLANG_WARN_BOOL_CONVERSION = YES;
				CLANG_WARN_COMMA = YES;
				CLANG_WARN_CONSTANT_CONVERSION = YES;
				CLANG_WARN_DEPRECATED_OBJC_IMPLEMENTATIONS = YES;
				CLANG_WARN_DIRECT_OBJC_ISA_USAGE = YES_ERROR;
				CLANG_WARN_DOCUMENTATION_COMMENTS = YES;
				CLANG_WARN_EMPTY_BODY = YES;
				CLANG_WARN_ENUM_CONVERSION = YES;
				CLANG_WARN_INFINITE_RECURSION = YES;
				CLANG_WARN_INT_CONVERSION = YES;
				CLANG_WARN_NON_LITERAL_NULL_CONVERSION = YES;
				CLANG_WARN_OBJC_IMPLICIT_RETAIN_SELF = YES;
				CLANG_WARN_OBJC_LITERAL_CONVERSION = YES;
				CLANG_WARN_OBJC_ROOT_CLASS = YES_ERROR;
				CLANG_WARN_RANGE_LOOP_ANALYSIS = YES;
				CLANG_WARN_STRICT_PROTOTYPES = YES;
				CLANG_WARN_SUSPICIOUS_MOVE = YES;
				CLANG_WARN_UNGUARDED_AVAILABILITY = YES_AGGRESSIVE;
				CLANG_WARN_UNREACHABLE_CODE = YES;
				CLANG_WARN__DUPLICATE_METHOD_MATCH = YES;
				COPY_PHASE_STRIP = NO;
				DEBUG_INFORMATION_FORMAT = "dwarf-with-dsym";
				ENABLE_NS_ASSERTIONS = NO;
				ENABLE_STRICT_OBJC_MSGSEND = YES;
				GCC_C_LANGUAGE_STANDARD = gnu11;
				GCC_NO_COMMON_BLOCKS = YES;
				GCC_WARN_64_TO_32_BIT_CONVERSION = YES;
				GCC_WARN_ABOUT_RETURN_TYPE = YES_ERROR;
				GCC_WARN_UNDECLARED_SELECTOR = YES;
				GCC_WARN_UNINITIALIZED_AUTOS = YES_AGGRESSIVE;
				GCC_WARN_UNUSED_FUNCTION = YES;
				GCC_WARN_UNUSED_VARIABLE = YES;
				IPHONEOS_DEPLOYMENT_TARGET = 13.4;
				MTL_ENABLE_DEBUG_INFO = NO;
				MTL_FAST_MATH = YES;
				SDKROOT = iphoneos;
				SWIFT_COMPILATION_MODE = wholemodule;
				SWIFT_OPTIMIZATION_LEVEL = "-O";
				VALIDATE_PRODUCT = YES;
			};
			name = Release;
		};
		94FD6898248B328E00B01E02 /* Debug */ = {
			isa = XCBuildConfiguration;
			buildSettings = {
				ALWAYS_EMBED_SWIFT_STANDARD_LIBRARIES = YES;
				ASSETCATALOG_COMPILER_APPICON_NAME = AppIcon;
				CODE_SIGN_ENTITLEMENTS = PhotoApp/Entitlements/PhotoApp.entitlements;
				CODE_SIGN_STYLE = Automatic;
				DEVELOPMENT_TEAM = M3ZN9GP27L;
				INFOPLIST_FILE = PhotoApp/Plist/Info.plist;
				IPHONEOS_DEPLOYMENT_TARGET = 12.4;
				LD_RUNPATH_SEARCH_PATHS = (
					"$(inherited)",
					"@executable_path/Frameworks",
				);
				PRODUCT_BUNDLE_IDENTIFIER = com.outect.photoApp;
				PRODUCT_NAME = "$(TARGET_NAME)";
				SWIFT_VERSION = 5.0;
				TARGETED_DEVICE_FAMILY = "1,2";
			};
			name = Debug;
		};
		94FD6899248B328E00B01E02 /* Release */ = {
			isa = XCBuildConfiguration;
			buildSettings = {
				ALWAYS_EMBED_SWIFT_STANDARD_LIBRARIES = YES;
				ASSETCATALOG_COMPILER_APPICON_NAME = AppIcon;
				CODE_SIGN_ENTITLEMENTS = PhotoApp/Entitlements/PhotoApp.entitlements;
				CODE_SIGN_STYLE = Automatic;
				DEVELOPMENT_TEAM = M3ZN9GP27L;
				INFOPLIST_FILE = PhotoApp/Plist/Info.plist;
				IPHONEOS_DEPLOYMENT_TARGET = 12.4;
				LD_RUNPATH_SEARCH_PATHS = (
					"$(inherited)",
					"@executable_path/Frameworks",
				);
				PRODUCT_BUNDLE_IDENTIFIER = com.outect.photoApp;
				PRODUCT_NAME = "$(TARGET_NAME)";
				SWIFT_VERSION = 5.0;
				TARGETED_DEVICE_FAMILY = "1,2";
			};
			name = Release;
		};
		94FD68AD248BFF8200B01E02 /* Debug */ = {
			isa = XCBuildConfiguration;
			buildSettings = {
				CODE_SIGN_ENTITLEMENTS = SharePic/SharePic.entitlements;
				CODE_SIGN_STYLE = Automatic;
				DEVELOPMENT_TEAM = M3ZN9GP27L;
				INFOPLIST_FILE = SharePic/Info.plist;
				IPHONEOS_DEPLOYMENT_TARGET = 12.4;
				LD_RUNPATH_SEARCH_PATHS = (
					"$(inherited)",
					"@executable_path/Frameworks",
					"@executable_path/../../Frameworks",
				);
				PRODUCT_BUNDLE_IDENTIFIER = com.outect.photoApp.SharePic;
				PRODUCT_NAME = SharePic;
				SKIP_INSTALL = YES;
				SWIFT_VERSION = 5.0;
				TARGETED_DEVICE_FAMILY = "1,2";
			};
			name = Debug;
		};
		94FD68AE248BFF8200B01E02 /* Release */ = {
			isa = XCBuildConfiguration;
			buildSettings = {
				CODE_SIGN_ENTITLEMENTS = SharePic/SharePic.entitlements;
				CODE_SIGN_STYLE = Automatic;
				DEVELOPMENT_TEAM = M3ZN9GP27L;
				INFOPLIST_FILE = SharePic/Info.plist;
				IPHONEOS_DEPLOYMENT_TARGET = 12.4;
				LD_RUNPATH_SEARCH_PATHS = (
					"$(inherited)",
					"@executable_path/Frameworks",
					"@executable_path/../../Frameworks",
				);
				PRODUCT_BUNDLE_IDENTIFIER = com.outect.photoApp.SharePic;
				PRODUCT_NAME = SharePic;
				SKIP_INSTALL = YES;
				SWIFT_VERSION = 5.0;
				TARGETED_DEVICE_FAMILY = "1,2";
			};
			name = Release;
		};
/* End XCBuildConfiguration section */

/* Begin XCConfigurationList section */
		94FD687E248B328900B01E02 /* Build configuration list for PBXProject "PhotoApp" */ = {
			isa = XCConfigurationList;
			buildConfigurations = (
				94FD6895248B328E00B01E02 /* Debug */,
				94FD6896248B328E00B01E02 /* Release */,
			);
			defaultConfigurationIsVisible = 0;
			defaultConfigurationName = Release;
		};
		94FD6897248B328E00B01E02 /* Build configuration list for PBXNativeTarget "PhotoApp" */ = {
			isa = XCConfigurationList;
			buildConfigurations = (
				94FD6898248B328E00B01E02 /* Debug */,
				94FD6899248B328E00B01E02 /* Release */,
			);
			defaultConfigurationIsVisible = 0;
			defaultConfigurationName = Release;
		};
		94FD68AC248BFF8200B01E02 /* Build configuration list for PBXNativeTarget "SharePic" */ = {
			isa = XCConfigurationList;
			buildConfigurations = (
				94FD68AD248BFF8200B01E02 /* Debug */,
				94FD68AE248BFF8200B01E02 /* Release */,
			);
			defaultConfigurationIsVisible = 0;
			defaultConfigurationName = Release;
		};
/* End XCConfigurationList section */
	};
	rootObject = 94FD687B248B328900B01E02 /* Project object */;
}
